
Microsoft Visual Studio Solution File, Format Version 12.00
# Visual Studio Version 16
VisualStudioVersion = 16.0.29613.14
MinimumVisualStudioVersion = 10.0.40219.1
Project("{FAE04EC0-301F-11D3-BF4B-00C04F79EFBC}") = "TestPackageSrc", "TestPackageSrc\TestPackageSrc.csproj", "{6E7DC03E-172A-4C7C-9E34-E2625FC7CDBC}"
EndProject
Global
	GlobalSection(SolutionConfigurationPlatforms) = preSolution
		Debug|Any CPU = Debug|Any CPU
		Release|Any CPU = Release|Any CPU
	EndGlobalSection
	GlobalSection(ProjectConfigurationPlatforms) = postSolution
		{6E7DC03E-172A-4C7C-9E34-E2625FC7CDBC}.Debug|Any CPU.ActiveCfg = Debug|Any CPU
		{6E7DC03E-172A-4C7C-9E34-E2625FC7CDBC}.Debug|Any CPU.Build.0 = Debug|Any CPU
		{6E7DC03E-172A-4C7C-9E34-E2625FC7CDBC}.Release|Any CPU.ActiveCfg = Release|Any CPU
		{6E7DC03E-172A-4C7C-9E34-E2625FC7CDBC}.Release|Any CPU.Build.0 = Release|Any CPU
	EndGlobalSection
	GlobalSection(SolutionProperties) = preSolution
		HideSolutionNode = FALSE
	EndGlobalSection
	GlobalSection(ExtensibilityGlobals) = postSolution
		SolutionGuid = {E5B1584F-407C-4CE7-93EB-8FD68235FF38}
	EndGlobalSection
EndGlobal
